
Microsoft Visual Studio Solution File, Format Version 12.00
# Visual Studio Version 17
VisualStudioVersion = 17.1.32228.430
MinimumVisualStudioVersion = 10.0.40219.1
Project("{FAE04EC0-301F-11D3-BF4B-00C04F79EFBC}") = "DynamicExecutor", "DynamicExecutor\DynamicExecutor.csproj", "{1C7BCD4F-D722-48C7-BD20-CCB261AA91DE}"
EndProject
Project("{FAE04EC0-301F-11D3-BF4B-00C04F79EFBC}") = "Executor1", "Executor1\Executor1.csproj", "{4AD476D0-EA9E-4969-9D5F-00C263FEC3D6}"
EndProject
Project("{FAE04EC0-301F-11D3-BF4B-00C04F79EFBC}") = "CommonInterfaces", "CommonInterfaces\CommonInterfaces.csproj", "{20DD78AC-B17D-4652-B49F-F2CEC1B1D8B9}"
EndProject
Global
	GlobalSection(SolutionConfigurationPlatforms) = preSolution
		Debug|Any CPU = Debug|Any CPU
		Release|Any CPU = Release|Any CPU
	EndGlobalSection
	GlobalSection(ProjectConfigurationPlatforms) = postSolution
		{1C7BCD4F-D722-48C7-BD20-CCB261AA91DE}.Debug|Any CPU.ActiveCfg = Debug|Any CPU
		{1C7BCD4F-D722-48C7-BD20-CCB261AA91DE}.Debug|Any CPU.Build.0 = Debug|Any CPU
		{1C7BCD4F-D722-48C7-BD20-CCB261AA91DE}.Release|Any CPU.ActiveCfg = Release|Any CPU
		{1C7BCD4F-D722-48C7-BD20-CCB261AA91DE}.Release|Any CPU.Build.0 = Release|Any CPU
		{4AD476D0-EA9E-4969-9D5F-00C263FEC3D6}.Debug|Any CPU.ActiveCfg = Debug|Any CPU
		{4AD476D0-EA9E-4969-9D5F-00C263FEC3D6}.Debug|Any CPU.Build.0 = Debug|Any CPU
		{4AD476D0-EA9E-4969-9D5F-00C263FEC3D6}.Release|Any CPU.ActiveCfg = Release|Any CPU
		{4AD476D0-EA9E-4969-9D5F-00C263FEC3D6}.Release|Any CPU.Build.0 = Release|Any CPU
		{20DD78AC-B17D-4652-B49F-F2CEC1B1D8B9}.Debug|Any CPU.ActiveCfg = Debug|Any CPU
		{20DD78AC-B17D-4652-B49F-F2CEC1B1D8B9}.Debug|Any CPU.Build.0 = Debug|Any CPU
		{20DD78AC-B17D-4652-B49F-F2CEC1B1D8B9}.Release|Any CPU.ActiveCfg = Release|Any CPU
		{20DD78AC-B17D-4652-B49F-F2CEC1B1D8B9}.Release|Any CPU.Build.0 = Release|Any CPU
	EndGlobalSection
	GlobalSection(SolutionProperties) = preSolution
		HideSolutionNode = FALSE
	EndGlobalSection
	GlobalSection(ExtensibilityGlobals) = postSolution
		SolutionGuid = {DFC03A91-A43E-4A1A-8B9C-B47A71D042C2}
	EndGlobalSection
EndGlobal
